
Microsoft Visual Studio Solution File, Format Version 11.00
# Visual Studio 2010
Project("{2150E333-8FDC-42A3-9474-1A3956D46DE8}") = "MSBuild", "MSBuild", "{73E4178A-1A1C-47FC-AF7E-357241E7D1C6}"
	ProjectSection(SolutionItems) = preProject
		MSBuild\EcmaScript.NET.modified.dll = MSBuild\EcmaScript.NET.modified.dll
		MSBuild\Yahoo.Yui.Compressor.dll = MSBuild\Yahoo.Yui.Compressor.dll
		MSBuild\Yui.Compressor.targets = MSBuild\Yui.Compressor.targets
	EndProjectSection
EndProject
Project("{FAE04EC0-301F-11D3-BF4B-00C04F79EFBC}") = "EngageSurvey", "EngageSurvey.csproj", "{678A96B6-1980-4B66-BB4C-8821CBD6DA13}"
EndProject
Project("{FAE04EC0-301F-11D3-BF4B-00C04F79EFBC}") = "EngageSurvey.Entities", "EngageSurvey.Entities\EngageSurvey.Entities.csproj", "{EA6F3122-F987-46F2-AFA1-3B35CD818161}"
EndProject
Project("{FAE04EC0-301F-11D3-BF4B-00C04F79EFBC}") = "Engage.Survey", "..\..\..\..\..\..\Code\Engage 3.0\Engage.Survey\Engage.Survey.csproj", "{71FD39B6-53AA-4A06-BDD7-2B90FFA94468}"
EndProject
Project("{2150E333-8FDC-42A3-9474-1A3956D46DE8}") = "Solution Items", "Solution Items", "{E47057EE-ACEB-4BC1-860F-0F6F0AD571E8}"
	ProjectSection(SolutionItems) = preProject
		EngageSurvey2008.sln = EngageSurvey2008.sln
	EndProjectSection
EndProject
Global
	GlobalSection(TeamFoundationVersionControl) = preSolution
		SccNumberOfProjects = 4
		SccEnterpriseProvider = {4CA58AB2-18FA-4F8D-95D4-32DDF27D184C}
		SccTeamFoundationServer = http://tfs2008.etg-inc.net:8080/
		SccLocalPath0 = .
		SccProjectUniqueName1 = EngageSurvey.csproj
		SccLocalPath1 = .
		SccProjectUniqueName2 = EngageSurvey.Entities\\EngageSurvey.Entities.csproj
		SccProjectName2 = EngageSurvey.Entities
		SccLocalPath2 = EngageSurvey.Entities
		SccProjectUniqueName3 = ..\\..\\..\\..\\..\\..\\Code\\Engage\u00203.0\\Engage.Survey\\Engage.Survey.csproj
		SccProjectName3 = ../../Engage\u00203.0/Engage.Survey
		SccLocalPath3 = ..\\..\\..\\..\\..\\..\\Code\\Engage\u00203.0\\Engage.Survey
	EndGlobalSection
	GlobalSection(SolutionConfigurationPlatforms) = preSolution
		Debug|Any CPU = Debug|Any CPU
		Release|Any CPU = Release|Any CPU
		Trial|Any CPU = Trial|Any CPU
	EndGlobalSection
	GlobalSection(ProjectConfigurationPlatforms) = postSolution
		{678A96B6-1980-4B66-BB4C-8821CBD6DA13}.Debug|Any CPU.ActiveCfg = Debug|Any CPU
		{678A96B6-1980-4B66-BB4C-8821CBD6DA13}.Debug|Any CPU.Build.0 = Debug|Any CPU
		{678A96B6-1980-4B66-BB4C-8821CBD6DA13}.Release|Any CPU.ActiveCfg = Release|Any CPU
		{678A96B6-1980-4B66-BB4C-8821CBD6DA13}.Release|Any CPU.Build.0 = Release|Any CPU
		{678A96B6-1980-4B66-BB4C-8821CBD6DA13}.Trial|Any CPU.ActiveCfg = Trial|Any CPU
		{678A96B6-1980-4B66-BB4C-8821CBD6DA13}.Trial|Any CPU.Build.0 = Trial|Any CPU
		{EA6F3122-F987-46F2-AFA1-3B35CD818161}.Debug|Any CPU.ActiveCfg = Debug|Any CPU
		{EA6F3122-F987-46F2-AFA1-3B35CD818161}.Debug|Any CPU.Build.0 = Debug|Any CPU
		{EA6F3122-F987-46F2-AFA1-3B35CD818161}.Release|Any CPU.ActiveCfg = Release|Any CPU
		{EA6F3122-F987-46F2-AFA1-3B35CD818161}.Release|Any CPU.Build.0 = Release|Any CPU
		{EA6F3122-F987-46F2-AFA1-3B35CD818161}.Trial|Any CPU.ActiveCfg = Release|Any CPU
		{EA6F3122-F987-46F2-AFA1-3B35CD818161}.Trial|Any CPU.Build.0 = Release|Any CPU
		{71FD39B6-53AA-4A06-BDD7-2B90FFA94468}.Debug|Any CPU.ActiveCfg = Debug|Any CPU
		{71FD39B6-53AA-4A06-BDD7-2B90FFA94468}.Debug|Any CPU.Build.0 = Debug|Any CPU
		{71FD39B6-53AA-4A06-BDD7-2B90FFA94468}.Release|Any CPU.ActiveCfg = Release|Any CPU
		{71FD39B6-53AA-4A06-BDD7-2B90FFA94468}.Release|Any CPU.Build.0 = Release|Any CPU
		{71FD39B6-53AA-4A06-BDD7-2B90FFA94468}.Trial|Any CPU.ActiveCfg = Release|Any CPU
		{71FD39B6-53AA-4A06-BDD7-2B90FFA94468}.Trial|Any CPU.Build.0 = Release|Any CPU
	EndGlobalSection
	GlobalSection(SolutionProperties) = preSolution
		HideSolutionNode = FALSE
	EndGlobalSection
EndGlobal
